
Microsoft Visual Studio Solution File, Format Version 12.00
# Visual Studio 15
VisualStudioVersion = 15.0.28307.106
MinimumVisualStudioVersion = 10.0.40219.1
Project("{FAE04EC0-301F-11D3-BF4B-00C04F79EFBC}") = "SimplifyCSharpDemo", "SimplifyCSharpDemo\SimplifyCSharpDemo.csproj", "{A7A8B2CF-33E1-4F1E-A30C-F77CC59C57AA}"
EndProject
Project("{FAE04EC0-301F-11D3-BF4B-00C04F79EFBC}") = "SimplifyCSharp", "SimplifyCSharp\SimplifyCSharp.csproj", "{3C873C96-459F-4CAF-BF4A-27AEFFED30D5}"
EndProject
Project("{FAE04EC0-301F-11D3-BF4B-00C04F79EFBC}") = "SimplifyCSharp.Tests", "SimplifyCSharp.Tests\SimplifyCSharp.Tests.csproj", "{D1A2B3C4-D5E6-F7G8-H9I0-J1K2L3M4N5O6}"
EndProject
Global
	GlobalSection(SolutionConfigurationPlatforms) = preSolution
		Debug|Any CPU = Debug|Any CPU
		Release|Any CPU = Release|Any CPU
	EndGlobalSection
	GlobalSection(ProjectConfigurationPlatforms) = postSolution
		{A7A8B2CF-33E1-4F1E-A30C-F77CC59C57AA}.Debug|Any CPU.ActiveCfg = Debug|Any CPU
		{A7A8B2CF-33E1-4F1E-A30C-F77CC59C57AA}.Debug|Any CPU.Build.0 = Debug|Any CPU
		{A7A8B2CF-33E1-4F1E-A30C-F77CC59C57AA}.Release|Any CPU.ActiveCfg = Release|Any CPU
		{A7A8B2CF-33E1-4F1E-A30C-F77CC59C57AA}.Release|Any CPU.Build.0 = Release|Any CPU
		{3C873C96-459F-4CAF-BF4A-27AEFFED30D5}.Debug|Any CPU.ActiveCfg = Debug|Any CPU
		{3C873C96-459F-4CAF-BF4A-27AEFFED30D5}.Debug|Any CPU.Build.0 = Debug|Any CPU
		{3C873C96-459F-4CAF-BF4A-27AEFFED30D5}.Release|Any CPU.ActiveCfg = Release|Any CPU
		{3C873C96-459F-4CAF-BF4A-27AEFFED30D5}.Release|Any CPU.Build.0 = Release|Any CPU
		{D1A2B3C4-D5E6-F7G8-H9I0-J1K2L3M4N5O6}.Debug|Any CPU.ActiveCfg = Debug|Any CPU
		{D1A2B3C4-D5E6-F7G8-H9I0-J1K2L3M4N5O6}.Debug|Any CPU.Build.0 = Debug|Any CPU
		{D1A2B3C4-D5E6-F7G8-H9I0-J1K2L3M4N5O6}.Release|Any CPU.ActiveCfg = Release|Any CPU
		{D1A2B3C4-D5E6-F7G8-H9I0-J1K2L3M4N5O6}.Release|Any CPU.Build.0 = Release|Any CPU
	EndGlobalSection
	GlobalSection(SolutionProperties) = preSolution
		HideSolutionNode = FALSE
	EndGlobalSection
	GlobalSection(ExtensibilityGlobals) = postSolution
		SolutionGuid = {9EFDBD7D-6372-4464-ADB1-EA0AA59E24A7}
	EndGlobalSection
EndGlobal
